
Microsoft Visual Studio Solution File, Format Version 12.00
Project("{2150E333-8FDC-42A3-9474-1A3956D46DE8}") = "common", "common", "{3999C9AE-BBB2-4373-91EC-A63D112DF9AF}"
ProjectSection(SolutionItems) = preProject
	.gitignore = .gitignore
	README.md = README.md
	Dockerfile = Dockerfile
	.dockerignore = .dockerignore
EndProjectSection
EndProject
Project("{2150E333-8FDC-42A3-9474-1A3956D46DE8}") = "deploy", "deploy", "{008FE148-98AD-4066-9A2B-F82E4C664B44}"
ProjectSection(SolutionItems) = preProject
	docker-compose.yml = docker-compose.yml
EndProjectSection
EndProject
Project("{2150E333-8FDC-42A3-9474-1A3956D46DE8}") = "tests", "tests", "{22CF285E-6E3F-4341-8654-DFDF0481C969}"
EndProject
Project("{2150E333-8FDC-42A3-9474-1A3956D46DE8}") = "src", "src", "{56625525-35A2-4430-8352-3C6F8BCFDE06}"
EndProject
Project("{FAE04EC0-301F-11D3-BF4B-00C04F79EFBC}") = "OzonEdu.MerchApi", "src\OzonEdu.MerchApi\OzonEdu.MerchApi.csproj", "{5F6E9393-8B84-4604-98A2-E875F81BBC1A}"
EndProject
Project("{FAE04EC0-301F-11D3-BF4B-00C04F79EFBC}") = "OzonEdu.MerchApi.HttpModels", "src\OzonEdu.MerchApi.HttpModels\OzonEdu.MerchApi.HttpModels.csproj", "{377B5DFC-1766-46E3-817C-6391737766B5}"
EndProject
Project("{FAE04EC0-301F-11D3-BF4B-00C04F79EFBC}") = "OzonEdu.MerchApi.HttpClients", "src\OzonEdu.MerchApi.HttpClients\OzonEdu.MerchApi.HttpClients.csproj", "{AE9CE383-4BBB-4529-A9BE-993091699C18}"
EndProject
Project("{FAE04EC0-301F-11D3-BF4B-00C04F79EFBC}") = "OzonEdu.MerchApi.Grpc", "src\OzonEdu.MerchApi.Grpc\OzonEdu.MerchApi.Grpc.csproj", "{93093446-E56C-4C88-A9F0-218251033DD7}"
EndProject
Project("{FAE04EC0-301F-11D3-BF4B-00C04F79EFBC}") = "OzonEdu.MerchApi.GrpcClient", "src\OzonEdu.MerchApi.GrpcClient\OzonEdu.MerchApi.GrpcClient.csproj", "{FDFB097D-0F16-4BA1-B40E-F90827CE30DF}"
EndProject
Project("{FAE04EC0-301F-11D3-BF4B-00C04F79EFBC}") = "OzonEdu.MerchApi.Domain", "src\OzonEdu.MerchApi.Domain\OzonEdu.MerchApi.Domain.csproj", "{10CE89DE-9DD6-4A4E-A8AC-7A89CD807F92}"
EndProject
Project("{FAE04EC0-301F-11D3-BF4B-00C04F79EFBC}") = "OzonEdu.MerchApi.Domain.Tests", "tests\OzonEdu.MerchApi.Domain.Tests\OzonEdu.MerchApi.Domain.Tests.csproj", "{59C3E586-AB0C-4387-84AE-9B91FDD6F304}"
EndProject
Project("{FAE04EC0-301F-11D3-BF4B-00C04F79EFBC}") = "OzonEdu.MerchApi.Infrastructure", "src\OzonEdu.MerchApi.Infrastructure\OzonEdu.MerchApi.Infrastructure.csproj", "{88A30629-B18B-4AB5-A2F7-C66FA095D8E5}"
EndProject
Global
	GlobalSection(SolutionConfigurationPlatforms) = preSolution
		Debug|Any CPU = Debug|Any CPU
		Release|Any CPU = Release|Any CPU
	EndGlobalSection
	GlobalSection(NestedProjects) = preSolution
		{5F6E9393-8B84-4604-98A2-E875F81BBC1A} = {56625525-35A2-4430-8352-3C6F8BCFDE06}
		{377B5DFC-1766-46E3-817C-6391737766B5} = {56625525-35A2-4430-8352-3C6F8BCFDE06}
		{AE9CE383-4BBB-4529-A9BE-993091699C18} = {56625525-35A2-4430-8352-3C6F8BCFDE06}
		{93093446-E56C-4C88-A9F0-218251033DD7} = {56625525-35A2-4430-8352-3C6F8BCFDE06}
		{FDFB097D-0F16-4BA1-B40E-F90827CE30DF} = {56625525-35A2-4430-8352-3C6F8BCFDE06}
		{10CE89DE-9DD6-4A4E-A8AC-7A89CD807F92} = {56625525-35A2-4430-8352-3C6F8BCFDE06}
		{59C3E586-AB0C-4387-84AE-9B91FDD6F304} = {22CF285E-6E3F-4341-8654-DFDF0481C969}
		{88A30629-B18B-4AB5-A2F7-C66FA095D8E5} = {56625525-35A2-4430-8352-3C6F8BCFDE06}
	EndGlobalSection
	GlobalSection(ProjectConfigurationPlatforms) = postSolution
		{5F6E9393-8B84-4604-98A2-E875F81BBC1A}.Debug|Any CPU.ActiveCfg = Debug|Any CPU
		{5F6E9393-8B84-4604-98A2-E875F81BBC1A}.Debug|Any CPU.Build.0 = Debug|Any CPU
		{5F6E9393-8B84-4604-98A2-E875F81BBC1A}.Release|Any CPU.ActiveCfg = Release|Any CPU
		{5F6E9393-8B84-4604-98A2-E875F81BBC1A}.Release|Any CPU.Build.0 = Release|Any CPU
		{377B5DFC-1766-46E3-817C-6391737766B5}.Debug|Any CPU.ActiveCfg = Debug|Any CPU
		{377B5DFC-1766-46E3-817C-6391737766B5}.Debug|Any CPU.Build.0 = Debug|Any CPU
		{377B5DFC-1766-46E3-817C-6391737766B5}.Release|Any CPU.ActiveCfg = Release|Any CPU
		{377B5DFC-1766-46E3-817C-6391737766B5}.Release|Any CPU.Build.0 = Release|Any CPU
		{AE9CE383-4BBB-4529-A9BE-993091699C18}.Debug|Any CPU.ActiveCfg = Debug|Any CPU
		{AE9CE383-4BBB-4529-A9BE-993091699C18}.Debug|Any CPU.Build.0 = Debug|Any CPU
		{AE9CE383-4BBB-4529-A9BE-993091699C18}.Release|Any CPU.ActiveCfg = Release|Any CPU
		{AE9CE383-4BBB-4529-A9BE-993091699C18}.Release|Any CPU.Build.0 = Release|Any CPU
		{93093446-E56C-4C88-A9F0-218251033DD7}.Debug|Any CPU.ActiveCfg = Debug|Any CPU
		{93093446-E56C-4C88-A9F0-218251033DD7}.Debug|Any CPU.Build.0 = Debug|Any CPU
		{93093446-E56C-4C88-A9F0-218251033DD7}.Release|Any CPU.ActiveCfg = Release|Any CPU
		{93093446-E56C-4C88-A9F0-218251033DD7}.Release|Any CPU.Build.0 = Release|Any CPU
		{FDFB097D-0F16-4BA1-B40E-F90827CE30DF}.Debug|Any CPU.ActiveCfg = Debug|Any CPU
		{FDFB097D-0F16-4BA1-B40E-F90827CE30DF}.Debug|Any CPU.Build.0 = Debug|Any CPU
		{FDFB097D-0F16-4BA1-B40E-F90827CE30DF}.Release|Any CPU.ActiveCfg = Release|Any CPU
		{FDFB097D-0F16-4BA1-B40E-F90827CE30DF}.Release|Any CPU.Build.0 = Release|Any CPU
		{10CE89DE-9DD6-4A4E-A8AC-7A89CD807F92}.Debug|Any CPU.ActiveCfg = Debug|Any CPU
		{10CE89DE-9DD6-4A4E-A8AC-7A89CD807F92}.Debug|Any CPU.Build.0 = Debug|Any CPU
		{10CE89DE-9DD6-4A4E-A8AC-7A89CD807F92}.Release|Any CPU.ActiveCfg = Release|Any CPU
		{10CE89DE-9DD6-4A4E-A8AC-7A89CD807F92}.Release|Any CPU.Build.0 = Release|Any CPU
		{59C3E586-AB0C-4387-84AE-9B91FDD6F304}.Debug|Any CPU.ActiveCfg = Debug|Any CPU
		{59C3E586-AB0C-4387-84AE-9B91FDD6F304}.Debug|Any CPU.Build.0 = Debug|Any CPU
		{59C3E586-AB0C-4387-84AE-9B91FDD6F304}.Release|Any CPU.ActiveCfg = Release|Any CPU
		{59C3E586-AB0C-4387-84AE-9B91FDD6F304}.Release|Any CPU.Build.0 = Release|Any CPU
		{88A30629-B18B-4AB5-A2F7-C66FA095D8E5}.Debug|Any CPU.ActiveCfg = Debug|Any CPU
		{88A30629-B18B-4AB5-A2F7-C66FA095D8E5}.Debug|Any CPU.Build.0 = Debug|Any CPU
		{88A30629-B18B-4AB5-A2F7-C66FA095D8E5}.Release|Any CPU.ActiveCfg = Release|Any CPU
		{88A30629-B18B-4AB5-A2F7-C66FA095D8E5}.Release|Any CPU.Build.0 = Release|Any CPU
	EndGlobalSection
EndGlobal
